// !$*UTF8*$!
{
	archiveVersion = 1;
	classes = {
	};
	objectVersion = 51;
	objects = {

/* Begin PBXBuildFile section */
		2B0D1D3326ADF1D1003C6394 /* TransactionItemManager.swift in Sources */ = {isa = PBXBuildFile; fileRef = 2B0D1D3226ADF1D1003C6394 /* TransactionItemManager.swift */; };
		2B104E5226E558F300E67F6A /* SalesBadgeUIView.swift in Sources */ = {isa = PBXBuildFile; fileRef = 2B104E5126E558F300E67F6A /* SalesBadgeUIView.swift */; };
		2B1407A826F5D49B00114B95 /* WebViewController.swift in Sources */ = {isa = PBXBuildFile; fileRef = 2B1407A726F5D49B00114B95 /* WebViewController.swift */; };
		2B1407AA26F629A600114B95 /* AccountTableViewCell.swift in Sources */ = {isa = PBXBuildFile; fileRef = 2B1407A926F629A600114B95 /* AccountTableViewCell.swift */; };
		2B1407AC26F931AA00114B95 /* AccountNavigationTableViewCell.swift in Sources */ = {isa = PBXBuildFile; fileRef = 2B1407AB26F931AA00114B95 /* AccountNavigationTableViewCell.swift */; };
		2B1FEA3A266BEDA400BF53BD /* CoreDataStack.swift in Sources */ = {isa = PBXBuildFile; fileRef = 2B1FEA39266BEDA400BF53BD /* CoreDataStack.swift */; };
		2B1FEA3F266BEDD400BF53BD /* UserProfile.swift in Sources */ = {isa = PBXBuildFile; fileRef = 2B1FEA3E266BEDD400BF53BD /* UserProfile.swift */; };
		2B1FEA4B266BEE6700BF53BD /* CurrencyExhangeNB.swift in Sources */ = {isa = PBXBuildFile; fileRef = 2B1FEA45266BEE6700BF53BD /* CurrencyExhangeNB.swift */; };
		2B1FEA4C266BEE6700BF53BD /* CurrencyHistoricalDataNB.swift in Sources */ = {isa = PBXBuildFile; fileRef = 2B1FEA46266BEE6700BF53BD /* CurrencyHistoricalDataNB.swift */; };
		2B1FEA4D266BEE6700BF53BD /* CurrencyHistoricalDataProtocol.swift in Sources */ = {isa = PBXBuildFile; fileRef = 2B1FEA47266BEE6700BF53BD /* CurrencyHistoricalDataProtocol.swift */; };
		2B1FEA4E266BEE6700BF53BD /* CurrencyExchangePB.swift in Sources */ = {isa = PBXBuildFile; fileRef = 2B1FEA49266BEE6700BF53BD /* CurrencyExchangePB.swift */; };
		2B1FEA4F266BEE6700BF53BD /* CurrencyHistoricalDataPB.swift in Sources */ = {isa = PBXBuildFile; fileRef = 2B1FEA4A266BEE6700BF53BD /* CurrencyHistoricalDataPB.swift */; };
		2B1FEA54266BEEC000BF53BD /* Enums.swift in Sources */ = {isa = PBXBuildFile; fileRef = 2B1FEA53266BEEC000BF53BD /* Enums.swift */; };
		2B1FEA59266BEF8500BF53BD /* Entitlement.swift in Sources */ = {isa = PBXBuildFile; fileRef = 2B1FEA58266BEF8500BF53BD /* Entitlement.swift */; };
		2B1FEA62266BF03300BF53BD /* CurrencyManager.swift in Sources */ = {isa = PBXBuildFile; fileRef = 2B1FEA61266BF03300BF53BD /* CurrencyManager.swift */; };
		2B1FEA6A266BF15200BF53BD /* AccountManager.swift in Sources */ = {isa = PBXBuildFile; fileRef = 2B1FEA69266BF15200BF53BD /* AccountManager.swift */; };
		2B1FEA6F266C112600BF53BD /* AccountTests.swift in Sources */ = {isa = PBXBuildFile; fileRef = 2B1FEA6E266C112600BF53BD /* AccountTests.swift */; };
		2B1FEA74266C116F00BF53BD /* TestCoreDataStack.swift in Sources */ = {isa = PBXBuildFile; fileRef = 2B1FEA73266C116F00BF53BD /* TestCoreDataStack.swift */; };
		2B1FEA83266C1D9A00BF53BD /* TransactionManager.swift in Sources */ = {isa = PBXBuildFile; fileRef = 2B1FEA82266C1D9900BF53BD /* TransactionManager.swift */; };
		2B1FEA88266C219C00BF53BD /* CurrencyTests.swift in Sources */ = {isa = PBXBuildFile; fileRef = 2B1FEA87266C219C00BF53BD /* CurrencyTests.swift */; };
		2B1FEA9F266C349B00BF53BD /* Constants.swift in Sources */ = {isa = PBXBuildFile; fileRef = 2B1FEA9E266C349B00BF53BD /* Constants.swift */; };
		2B1FEAAB266C3AB900BF53BD /* SimpleTransactionEditorViewController.swift in Sources */ = {isa = PBXBuildFile; fileRef = 2B1FEAA7266C3AB800BF53BD /* SimpleTransactionEditorViewController.swift */; };
		2B1FEAAE266C3AB900BF53BD /* TransactionListViewController.swift in Sources */ = {isa = PBXBuildFile; fileRef = 2B1FEAAA266C3AB800BF53BD /* TransactionListViewController.swift */; };
		2B1FEABC266C41C100BF53BD /* AccountsNameLocalisationManager.swift in Sources */ = {isa = PBXBuildFile; fileRef = 2B1FEABB266C41C100BF53BD /* AccountsNameLocalisationManager.swift */; };
		2B1FEAC5266C433200BF53BD /* AuthPinAndBiometricViewController.swift in Sources */ = {isa = PBXBuildFile; fileRef = 2B1FEAC3266C433100BF53BD /* AuthPinAndBiometricViewController.swift */; };
		2B1FEAC6266C433200BF53BD /* BiometricAuthViewController.swift in Sources */ = {isa = PBXBuildFile; fileRef = 2B1FEAC4266C433100BF53BD /* BiometricAuthViewController.swift */; };
		2B1FEADB266CAEC200BF53BD /* AddAccountViewController.swift in Sources */ = {isa = PBXBuildFile; fileRef = 2B1FEAD9266CAEC100BF53BD /* AddAccountViewController.swift */; };
		2B1FEADC266CAEC200BF53BD /* AccountEditorWithInitialBalanceViewController.swift in Sources */ = {isa = PBXBuildFile; fileRef = 2B1FEADA266CAEC200BF53BD /* AccountEditorWithInitialBalanceViewController.swift */; };
		2B1FEAE6266CAF6C00BF53BD /* Extension UIDevice.swift in Sources */ = {isa = PBXBuildFile; fileRef = 2B1FEAE1266CAF6C00BF53BD /* Extension UIDevice.swift */; };
		2B1FEAE7266CAF6C00BF53BD /* Extension UIScrollView.swift in Sources */ = {isa = PBXBuildFile; fileRef = 2B1FEAE2266CAF6C00BF53BD /* Extension UIScrollView.swift */; };
		2B1FEAE8266CAF6C00BF53BD /* Extension Formatter.swift in Sources */ = {isa = PBXBuildFile; fileRef = 2B1FEAE3266CAF6C00BF53BD /* Extension Formatter.swift */; };
		2B1FEAE9266CAF6C00BF53BD /* Extension UIResponder.swift in Sources */ = {isa = PBXBuildFile; fileRef = 2B1FEAE4266CAF6C00BF53BD /* Extension UIResponder.swift */; };
		2B1FEAEA266CAF6C00BF53BD /* Extension Double.swift in Sources */ = {isa = PBXBuildFile; fileRef = 2B1FEAE5266CAF6C00BF53BD /* Extension Double.swift */; };
		2B1FEAF7266CB2C200BF53BD /* CurrencyTableViewCell.swift in Sources */ = {isa = PBXBuildFile; fileRef = 2B1FEAF6266CB2C200BF53BD /* CurrencyTableViewCell.swift */; };
		2B1FEAFC266CB61000BF53BD /* CurrencyTableViewController.swift in Sources */ = {isa = PBXBuildFile; fileRef = 2B1FEAFB266CB61000BF53BD /* CurrencyTableViewController.swift */; };
		2B1FEB18266CBA6000BF53BD /* AccountNavigatorTableViewController.swift in Sources */ = {isa = PBXBuildFile; fileRef = 2B1FEB16266CBA6000BF53BD /* AccountNavigatorTableViewController.swift */; };
		2B1FEB41266D257900BF53BD /* NetworkServices.swift in Sources */ = {isa = PBXBuildFile; fileRef = 2B1FEB40266D257800BF53BD /* NetworkServices.swift */; };
		2B1FEB4C266D25EE00BF53BD /* PurchaseOfferViewController.swift in Sources */ = {isa = PBXBuildFile; fileRef = 2B1FEB4B266D25EE00BF53BD /* PurchaseOfferViewController.swift */; };
		2B1FEB57266D73DC00BF53BD /* AccountListViewController.swift in Sources */ = {isa = PBXBuildFile; fileRef = 2B1FEB55266D73DC00BF53BD /* AccountListViewController.swift */; };
		2B1FEB58266D73DC00BF53BD /* AccountListTableViewController.swift in Sources */ = {isa = PBXBuildFile; fileRef = 2B1FEB56266D73DC00BF53BD /* AccountListTableViewController.swift */; };
		2B1FEB6C266D752200BF53BD /* ChartData.swift in Sources */ = {isa = PBXBuildFile; fileRef = 2B1FEB67266D752200BF53BD /* ChartData.swift */; };
		2B1FEB6D266D752200BF53BD /* DataForPieCharts.swift in Sources */ = {isa = PBXBuildFile; fileRef = 2B1FEB68266D752200BF53BD /* DataForPieCharts.swift */; };
		2B1FEB6E266D752200BF53BD /* PresentingData.swift in Sources */ = {isa = PBXBuildFile; fileRef = 2B1FEB69266D752200BF53BD /* PresentingData.swift */; };
		2B1FEB6F266D752200BF53BD /* AccountData.swift in Sources */ = {isa = PBXBuildFile; fileRef = 2B1FEB6A266D752200BF53BD /* AccountData.swift */; };
		2B1FEB70266D752200BF53BD /* ChartsManager.swift in Sources */ = {isa = PBXBuildFile; fileRef = 2B1FEB6B266D752200BF53BD /* ChartsManager.swift */; };
		2B1FEB7B266EC39800BF53BD /* AnalyticsTableViewController.swift in Sources */ = {isa = PBXBuildFile; fileRef = 2B1FEB78266EC39800BF53BD /* AnalyticsTableViewController.swift */; };
		2B1FEB7C266EC39800BF53BD /* AnalyticsViewController.swift in Sources */ = {isa = PBXBuildFile; fileRef = 2B1FEB79266EC39800BF53BD /* AnalyticsViewController.swift */; };
		2B1FEB8E266EC44600BF53BD /* ConfigureAnalyticsViewController.swift in Sources */ = {isa = PBXBuildFile; fileRef = 2B1FEB8D266EC44600BF53BD /* ConfigureAnalyticsViewController.swift */; };
		2B1FEB98266EDE5000BF53BD /* SettingsTableViewController.swift in Sources */ = {isa = PBXBuildFile; fileRef = 2B1FEB96266EDE5000BF53BD /* SettingsTableViewController.swift */; };
		2B1FEBAC266EE19B00BF53BD /* ImportTransactionViewController.swift in Sources */ = {isa = PBXBuildFile; fileRef = 2B1FEBAA266EE19B00BF53BD /* ImportTransactionViewController.swift */; };
		2B1FEBB1266EE1D500BF53BD /* PreTrasaction.swift in Sources */ = {isa = PBXBuildFile; fileRef = 2B1FEBB0266EE1D500BF53BD /* PreTrasaction.swift */; };
		2B1FEBB6266EE45F00BF53BD /* PreTransactionTableViewCell.swift in Sources */ = {isa = PBXBuildFile; fileRef = 2B1FEBB5266EE45F00BF53BD /* PreTransactionTableViewCell.swift */; };
		2B2E2E8B26E0054400A6CFDD /* AnalyticTableViewCell.swift in Sources */ = {isa = PBXBuildFile; fileRef = 2B2E2E8A26E0054400A6CFDD /* AnalyticTableViewCell.swift */; };
		2B2E6D1D26DD960D004A9680 /* TransactionItemTextField.swift in Sources */ = {isa = PBXBuildFile; fileRef = 2B2E6D1C26DD960D004A9680 /* TransactionItemTextField.swift */; };
		2B3A260426E95C780033E746 /* AccessCheckManager.swift in Sources */ = {isa = PBXBuildFile; fileRef = 2B3A260326E95C780033E746 /* AccessCheckManager.swift */; };
		2B3A260626EA6DD90033E746 /* AccountManagerController.swift in Sources */ = {isa = PBXBuildFile; fileRef = 2B3A260526EA6DD90033E746 /* AccountManagerController.swift */; };
		2B3BD61A26EBE85D0056A9F7 /* SettingsTableViewCell.swift in Sources */ = {isa = PBXBuildFile; fileRef = 2B3BD61926EBE85D0056A9F7 /* SettingsTableViewCell.swift */; };
		2B3F0D0E26A0EFA000AA514B /* Localizable.strings in Resources */ = {isa = PBXBuildFile; fileRef = 2B3F0D1026A0EFA000AA514B /* Localizable.strings */; };
		2B44C9F426EDFC6E0009976A /* WelcomeViewController.swift in Sources */ = {isa = PBXBuildFile; fileRef = 2B44C9F326EDFC6E0009976A /* WelcomeViewController.swift */; };
		2B44C9F626EE86F00009976A /* StartAccountingViewController.swift in Sources */ = {isa = PBXBuildFile; fileRef = 2B44C9F526EE86F00009976A /* StartAccountingViewController.swift */; };
		2B490DD726E2911C00967E11 /* Extension Notification.swift in Sources */ = {isa = PBXBuildFile; fileRef = 2B490DD626E2911C00967E11 /* Extension Notification.swift */; };
		2B490DD926E4B8CE00967E11 /* OfferUITapGestureRecognizer.swift in Sources */ = {isa = PBXBuildFile; fileRef = 2B490DD826E4B8CE00967E11 /* OfferUITapGestureRecognizer.swift */; };
		2B490DDB26E4B92600967E11 /* OfferUIView.swift in Sources */ = {isa = PBXBuildFile; fileRef = 2B490DDA26E4B92600967E11 /* OfferUIView.swift */; };
		2B490DDE26E4BA6000967E11 /* GradientView.swift in Sources */ = {isa = PBXBuildFile; fileRef = 2B490DDD26E4BA6000967E11 /* GradientView.swift */; };
		2B490DE026E4BB1800967E11 /* ProBadgeUIView.swift in Sources */ = {isa = PBXBuildFile; fileRef = 2B490DDF26E4BB1800967E11 /* ProBadgeUIView.swift */; };
		2B4976FC26DBE90B00147EAA /* ComplexTransactionTableViewCell.swift in Sources */ = {isa = PBXBuildFile; fileRef = 2B4976FB26DBE90B00147EAA /* ComplexTransactionTableViewCell.swift */; };
		2B949BAF2665B4040033383A /* AppDelegate.swift in Sources */ = {isa = PBXBuildFile; fileRef = 2B949BAE2665B4040033383A /* AppDelegate.swift */; };
		2B949BB12665B4040033383A /* SceneDelegate.swift in Sources */ = {isa = PBXBuildFile; fileRef = 2B949BB02665B4040033383A /* SceneDelegate.swift */; };
		2B949BB62665B4040033383A /* Main.storyboard in Resources */ = {isa = PBXBuildFile; fileRef = 2B949BB42665B4040033383A /* Main.storyboard */; };
		2B949BB92665B4040033383A /* Accountant.xcdatamodeld in Sources */ = {isa = PBXBuildFile; fileRef = 2B949BB72665B4040033383A /* Accountant.xcdatamodeld */; };
		2B949BBB2665B4080033383A /* Assets.xcassets in Resources */ = {isa = PBXBuildFile; fileRef = 2B949BBA2665B4080033383A /* Assets.xcassets */; };
		2B949BBE2665B4080033383A /* LaunchScreen.storyboard in Resources */ = {isa = PBXBuildFile; fileRef = 2B949BBC2665B4080033383A /* LaunchScreen.storyboard */; };
		2B949BC92665B4090033383A /* AccountantTests.swift in Sources */ = {isa = PBXBuildFile; fileRef = 2B949BC82665B4090033383A /* AccountantTests.swift */; };
		2B949BD42665B4090033383A /* AccountantUITests.swift in Sources */ = {isa = PBXBuildFile; fileRef = 2B949BD32665B4090033383A /* AccountantUITests.swift */; };
		2BC058B926CD7A9400FE896C /* ComplexTransactionEditorViewController.swift in Sources */ = {isa = PBXBuildFile; fileRef = 2BC058B826CD7A9400FE896C /* ComplexTransactionEditorViewController.swift */; };
		2BC058BD26CDB63E00FE896C /* TransactionItemTableViewCell.swift in Sources */ = {isa = PBXBuildFile; fileRef = 2BC058BC26CDB63E00FE896C /* TransactionItemTableViewCell.swift */; };
		2BCC0BDA26ACD79C00E8680E /* StoreKit.framework in Frameworks */ = {isa = PBXBuildFile; fileRef = 2BCC0BD926ACD79C00E8680E /* StoreKit.framework */; };
		2BDB10A126DACD9200D8FE08 /* Protocols.swift in Sources */ = {isa = PBXBuildFile; fileRef = 2BDB10A026DACD9200D8FE08 /* Protocols.swift */; };
		2BE2593326BC8E6D0025301F /* Error.swift in Sources */ = {isa = PBXBuildFile; fileRef = 2BE2593226BC8E6D0025301F /* Error.swift */; };
		38318A9FD81C28716622F93F /* Pods_Accountant.framework in Frameworks */ = {isa = PBXBuildFile; fileRef = 97FD10DCF67B198D7BE0F270 /* Pods_Accountant.framework */; };
/* End PBXBuildFile section */

/* Begin PBXContainerItemProxy section */
		2B949BC52665B4090033383A /* PBXContainerItemProxy */ = {
			isa = PBXContainerItemProxy;
			containerPortal = 2B949BA32665B4040033383A /* Project object */;
			proxyType = 1;
			remoteGlobalIDString = 2B949BAA2665B4040033383A;
			remoteInfo = Accountant;
		};
		2B949BD02665B4090033383A /* PBXContainerItemProxy */ = {
			isa = PBXContainerItemProxy;
			containerPortal = 2B949BA32665B4040033383A /* Project object */;
			proxyType = 1;
			remoteGlobalIDString = 2B949BAA2665B4040033383A;
			remoteInfo = Accountant;
		};
/* End PBXContainerItemProxy section */

/* Begin PBXFileReference section */
		2B0D1D3226ADF1D1003C6394 /* TransactionItemManager.swift */ = {isa = PBXFileReference; lastKnownFileType = sourcecode.swift; path = TransactionItemManager.swift; sourceTree = "<group>"; };
		2B104E5126E558F300E67F6A /* SalesBadgeUIView.swift */ = {isa = PBXFileReference; lastKnownFileType = sourcecode.swift; path = SalesBadgeUIView.swift; sourceTree = "<group>"; };
		2B1407A726F5D49B00114B95 /* WebViewController.swift */ = {isa = PBXFileReference; lastKnownFileType = sourcecode.swift; path = WebViewController.swift; sourceTree = "<group>"; };
		2B1407A926F629A600114B95 /* AccountTableViewCell.swift */ = {isa = PBXFileReference; lastKnownFileType = sourcecode.swift; path = AccountTableViewCell.swift; sourceTree = "<group>"; };
		2B1407AB26F931AA00114B95 /* AccountNavigationTableViewCell.swift */ = {isa = PBXFileReference; lastKnownFileType = sourcecode.swift; path = AccountNavigationTableViewCell.swift; sourceTree = "<group>"; };
		2B1FEA39266BEDA400BF53BD /* CoreDataStack.swift */ = {isa = PBXFileReference; lastKnownFileType = sourcecode.swift; path = CoreDataStack.swift; sourceTree = "<group>"; };
		2B1FEA3E266BEDD400BF53BD /* UserProfile.swift */ = {isa = PBXFileReference; lastKnownFileType = sourcecode.swift; path = UserProfile.swift; sourceTree = "<group>"; };
		2B1FEA45266BEE6700BF53BD /* CurrencyExhangeNB.swift */ = {isa = PBXFileReference; fileEncoding = 4; lastKnownFileType = sourcecode.swift; path = CurrencyExhangeNB.swift; sourceTree = "<group>"; };
		2B1FEA46266BEE6700BF53BD /* CurrencyHistoricalDataNB.swift */ = {isa = PBXFileReference; fileEncoding = 4; lastKnownFileType = sourcecode.swift; path = CurrencyHistoricalDataNB.swift; sourceTree = "<group>"; };
		2B1FEA47266BEE6700BF53BD /* CurrencyHistoricalDataProtocol.swift */ = {isa = PBXFileReference; fileEncoding = 4; lastKnownFileType = sourcecode.swift; path = CurrencyHistoricalDataProtocol.swift; sourceTree = "<group>"; };
		2B1FEA49266BEE6700BF53BD /* CurrencyExchangePB.swift */ = {isa = PBXFileReference; fileEncoding = 4; lastKnownFileType = sourcecode.swift; path = CurrencyExchangePB.swift; sourceTree = "<group>"; };
		2B1FEA4A266BEE6700BF53BD /* CurrencyHistoricalDataPB.swift */ = {isa = PBXFileReference; fileEncoding = 4; lastKnownFileType = sourcecode.swift; path = CurrencyHistoricalDataPB.swift; sourceTree = "<group>"; };
		2B1FEA53266BEEC000BF53BD /* Enums.swift */ = {isa = PBXFileReference; fileEncoding = 4; lastKnownFileType = sourcecode.swift; path = Enums.swift; sourceTree = "<group>"; };
		2B1FEA58266BEF8500BF53BD /* Entitlement.swift */ = {isa = PBXFileReference; fileEncoding = 4; lastKnownFileType = sourcecode.swift; path = Entitlement.swift; sourceTree = "<group>"; };
		2B1FEA61266BF03300BF53BD /* CurrencyManager.swift */ = {isa = PBXFileReference; fileEncoding = 4; lastKnownFileType = sourcecode.swift; path = CurrencyManager.swift; sourceTree = "<group>"; };
		2B1FEA69266BF15200BF53BD /* AccountManager.swift */ = {isa = PBXFileReference; fileEncoding = 4; lastKnownFileType = sourcecode.swift; path = AccountManager.swift; sourceTree = "<group>"; };
		2B1FEA6E266C112600BF53BD /* AccountTests.swift */ = {isa = PBXFileReference; fileEncoding = 4; lastKnownFileType = sourcecode.swift; path = AccountTests.swift; sourceTree = "<group>"; };
		2B1FEA73266C116F00BF53BD /* TestCoreDataStack.swift */ = {isa = PBXFileReference; fileEncoding = 4; lastKnownFileType = sourcecode.swift; path = TestCoreDataStack.swift; sourceTree = "<group>"; };
		2B1FEA82266C1D9900BF53BD /* TransactionManager.swift */ = {isa = PBXFileReference; fileEncoding = 4; lastKnownFileType = sourcecode.swift; path = TransactionManager.swift; sourceTree = "<group>"; };
		2B1FEA87266C219C00BF53BD /* CurrencyTests.swift */ = {isa = PBXFileReference; fileEncoding = 4; lastKnownFileType = sourcecode.swift; path = CurrencyTests.swift; sourceTree = "<group>"; };
		2B1FEA9E266C349B00BF53BD /* Constants.swift */ = {isa = PBXFileReference; lastKnownFileType = sourcecode.swift; path = Constants.swift; sourceTree = "<group>"; };
		2B1FEAA7266C3AB800BF53BD /* SimpleTransactionEditorViewController.swift */ = {isa = PBXFileReference; fileEncoding = 4; lastKnownFileType = sourcecode.swift; path = SimpleTransactionEditorViewController.swift; sourceTree = "<group>"; };
		2B1FEAAA266C3AB800BF53BD /* TransactionListViewController.swift */ = {isa = PBXFileReference; fileEncoding = 4; lastKnownFileType = sourcecode.swift; path = TransactionListViewController.swift; sourceTree = "<group>"; };
		2B1FEABB266C41C100BF53BD /* AccountsNameLocalisationManager.swift */ = {isa = PBXFileReference; fileEncoding = 4; lastKnownFileType = sourcecode.swift; path = AccountsNameLocalisationManager.swift; sourceTree = "<group>"; };
		2B1FEAC3266C433100BF53BD /* AuthPinAndBiometricViewController.swift */ = {isa = PBXFileReference; fileEncoding = 4; lastKnownFileType = sourcecode.swift; path = AuthPinAndBiometricViewController.swift; sourceTree = "<group>"; };
		2B1FEAC4266C433100BF53BD /* BiometricAuthViewController.swift */ = {isa = PBXFileReference; fileEncoding = 4; lastKnownFileType = sourcecode.swift; path = BiometricAuthViewController.swift; sourceTree = "<group>"; };
		2B1FEAD9266CAEC100BF53BD /* AddAccountViewController.swift */ = {isa = PBXFileReference; fileEncoding = 4; lastKnownFileType = sourcecode.swift; path = AddAccountViewController.swift; sourceTree = "<group>"; };
		2B1FEADA266CAEC200BF53BD /* AccountEditorWithInitialBalanceViewController.swift */ = {isa = PBXFileReference; fileEncoding = 4; lastKnownFileType = sourcecode.swift; path = AccountEditorWithInitialBalanceViewController.swift; sourceTree = "<group>"; };
		2B1FEAE1266CAF6C00BF53BD /* Extension UIDevice.swift */ = {isa = PBXFileReference; fileEncoding = 4; lastKnownFileType = sourcecode.swift; path = "Extension UIDevice.swift"; sourceTree = "<group>"; };
		2B1FEAE2266CAF6C00BF53BD /* Extension UIScrollView.swift */ = {isa = PBXFileReference; fileEncoding = 4; lastKnownFileType = sourcecode.swift; path = "Extension UIScrollView.swift"; sourceTree = "<group>"; };
		2B1FEAE3266CAF6C00BF53BD /* Extension Formatter.swift */ = {isa = PBXFileReference; fileEncoding = 4; lastKnownFileType = sourcecode.swift; path = "Extension Formatter.swift"; sourceTree = "<group>"; };
		2B1FEAE4266CAF6C00BF53BD /* Extension UIResponder.swift */ = {isa = PBXFileReference; fileEncoding = 4; lastKnownFileType = sourcecode.swift; path = "Extension UIResponder.swift"; sourceTree = "<group>"; };
		2B1FEAE5266CAF6C00BF53BD /* Extension Double.swift */ = {isa = PBXFileReference; fileEncoding = 4; lastKnownFileType = sourcecode.swift; path = "Extension Double.swift"; sourceTree = "<group>"; };
		2B1FEAF6266CB2C200BF53BD /* CurrencyTableViewCell.swift */ = {isa = PBXFileReference; fileEncoding = 4; lastKnownFileType = sourcecode.swift; path = CurrencyTableViewCell.swift; sourceTree = "<group>"; };
		2B1FEAFB266CB61000BF53BD /* CurrencyTableViewController.swift */ = {isa = PBXFileReference; lastKnownFileType = sourcecode.swift; name = CurrencyTableViewController.swift; path = /Users/romantopchii/Desktop/Developer/Accountant/Accountant/CurrencyTableViewController.swift; sourceTree = "<absolute>"; };
		2B1FEB16266CBA6000BF53BD /* AccountNavigatorTableViewController.swift */ = {isa = PBXFileReference; fileEncoding = 4; lastKnownFileType = sourcecode.swift; path = AccountNavigatorTableViewController.swift; sourceTree = "<group>"; };
		2B1FEB40266D257800BF53BD /* NetworkServices.swift */ = {isa = PBXFileReference; fileEncoding = 4; lastKnownFileType = sourcecode.swift; path = NetworkServices.swift; sourceTree = "<group>"; };
		2B1FEB4B266D25EE00BF53BD /* PurchaseOfferViewController.swift */ = {isa = PBXFileReference; fileEncoding = 4; lastKnownFileType = sourcecode.swift; path = PurchaseOfferViewController.swift; sourceTree = "<group>"; };
		2B1FEB55266D73DC00BF53BD /* AccountListViewController.swift */ = {isa = PBXFileReference; fileEncoding = 4; lastKnownFileType = sourcecode.swift; path = AccountListViewController.swift; sourceTree = "<group>"; };
		2B1FEB56266D73DC00BF53BD /* AccountListTableViewController.swift */ = {isa = PBXFileReference; fileEncoding = 4; lastKnownFileType = sourcecode.swift; path = AccountListTableViewController.swift; sourceTree = "<group>"; };
		2B1FEB67266D752200BF53BD /* ChartData.swift */ = {isa = PBXFileReference; fileEncoding = 4; lastKnownFileType = sourcecode.swift; path = ChartData.swift; sourceTree = "<group>"; };
		2B1FEB68266D752200BF53BD /* DataForPieCharts.swift */ = {isa = PBXFileReference; fileEncoding = 4; lastKnownFileType = sourcecode.swift; path = DataForPieCharts.swift; sourceTree = "<group>"; };
		2B1FEB69266D752200BF53BD /* PresentingData.swift */ = {isa = PBXFileReference; fileEncoding = 4; lastKnownFileType = sourcecode.swift; path = PresentingData.swift; sourceTree = "<group>"; };
		2B1FEB6A266D752200BF53BD /* AccountData.swift */ = {isa = PBXFileReference; fileEncoding = 4; lastKnownFileType = sourcecode.swift; path = AccountData.swift; sourceTree = "<group>"; };
		2B1FEB6B266D752200BF53BD /* ChartsManager.swift */ = {isa = PBXFileReference; fileEncoding = 4; lastKnownFileType = sourcecode.swift; path = ChartsManager.swift; sourceTree = "<group>"; };
		2B1FEB78266EC39800BF53BD /* AnalyticsTableViewController.swift */ = {isa = PBXFileReference; fileEncoding = 4; lastKnownFileType = sourcecode.swift; path = AnalyticsTableViewController.swift; sourceTree = "<group>"; };
		2B1FEB79266EC39800BF53BD /* AnalyticsViewController.swift */ = {isa = PBXFileReference; fileEncoding = 4; lastKnownFileType = sourcecode.swift; path = AnalyticsViewController.swift; sourceTree = "<group>"; };
		2B1FEB8D266EC44600BF53BD /* ConfigureAnalyticsViewController.swift */ = {isa = PBXFileReference; fileEncoding = 4; lastKnownFileType = sourcecode.swift; path = ConfigureAnalyticsViewController.swift; sourceTree = "<group>"; };
		2B1FEB96266EDE5000BF53BD /* SettingsTableViewController.swift */ = {isa = PBXFileReference; fileEncoding = 4; lastKnownFileType = sourcecode.swift; path = SettingsTableViewController.swift; sourceTree = "<group>"; };
		2B1FEBAA266EE19B00BF53BD /* ImportTransactionViewController.swift */ = {isa = PBXFileReference; fileEncoding = 4; lastKnownFileType = sourcecode.swift; path = ImportTransactionViewController.swift; sourceTree = "<group>"; };
		2B1FEBB0266EE1D500BF53BD /* PreTrasaction.swift */ = {isa = PBXFileReference; fileEncoding = 4; lastKnownFileType = sourcecode.swift; path = PreTrasaction.swift; sourceTree = "<group>"; };
		2B1FEBB5266EE45F00BF53BD /* PreTransactionTableViewCell.swift */ = {isa = PBXFileReference; fileEncoding = 4; lastKnownFileType = sourcecode.swift; path = PreTransactionTableViewCell.swift; sourceTree = "<group>"; };
		2B2E2E8A26E0054400A6CFDD /* AnalyticTableViewCell.swift */ = {isa = PBXFileReference; lastKnownFileType = sourcecode.swift; path = AnalyticTableViewCell.swift; sourceTree = "<group>"; };
		2B2E6D1C26DD960D004A9680 /* TransactionItemTextField.swift */ = {isa = PBXFileReference; lastKnownFileType = sourcecode.swift; path = TransactionItemTextField.swift; sourceTree = "<group>"; };
		2B3A260326E95C780033E746 /* AccessCheckManager.swift */ = {isa = PBXFileReference; lastKnownFileType = sourcecode.swift; path = AccessCheckManager.swift; sourceTree = "<group>"; };
		2B3A260526EA6DD90033E746 /* AccountManagerController.swift */ = {isa = PBXFileReference; lastKnownFileType = sourcecode.swift; path = AccountManagerController.swift; sourceTree = "<group>"; };
		2B3BD61926EBE85D0056A9F7 /* SettingsTableViewCell.swift */ = {isa = PBXFileReference; lastKnownFileType = sourcecode.swift; path = SettingsTableViewCell.swift; sourceTree = "<group>"; };
		2B3F0D0A26A0EF0500AA514B /* Base */ = {isa = PBXFileReference; lastKnownFileType = file.storyboard; name = Base; path = Base.lproj/Main.storyboard; sourceTree = "<group>"; };
		2B3F0D0B26A0EF0500AA514B /* Base */ = {isa = PBXFileReference; lastKnownFileType = file.storyboard; name = Base; path = Base.lproj/LaunchScreen.storyboard; sourceTree = "<group>"; };
		2B3F0D0F26A0EFA000AA514B /* en */ = {isa = PBXFileReference; lastKnownFileType = text.plist.strings; name = en; path = en.lproj/Localizable.strings; sourceTree = "<group>"; };
		2B3F0D1126A0EFEC00AA514B /* uk */ = {isa = PBXFileReference; lastKnownFileType = text.plist.strings; name = uk; path = uk.lproj/Main.strings; sourceTree = "<group>"; };
		2B3F0D1226A0F01B00AA514B /* uk */ = {isa = PBXFileReference; lastKnownFileType = text.plist.strings; name = uk; path = uk.lproj/LaunchScreen.strings; sourceTree = "<group>"; };
		2B3F0D1326A0F01C00AA514B /* uk */ = {isa = PBXFileReference; lastKnownFileType = text.plist.strings; name = uk; path = uk.lproj/Localizable.strings; sourceTree = "<group>"; };
		2B44C9F326EDFC6E0009976A /* WelcomeViewController.swift */ = {isa = PBXFileReference; lastKnownFileType = sourcecode.swift; path = WelcomeViewController.swift; sourceTree = "<group>"; };
		2B44C9F526EE86F00009976A /* StartAccountingViewController.swift */ = {isa = PBXFileReference; lastKnownFileType = sourcecode.swift; path = StartAccountingViewController.swift; sourceTree = "<group>"; };
		2B490DD626E2911C00967E11 /* Extension Notification.swift */ = {isa = PBXFileReference; lastKnownFileType = sourcecode.swift; path = "Extension Notification.swift"; sourceTree = "<group>"; };
		2B490DD826E4B8CE00967E11 /* OfferUITapGestureRecognizer.swift */ = {isa = PBXFileReference; lastKnownFileType = sourcecode.swift; path = OfferUITapGestureRecognizer.swift; sourceTree = "<group>"; };
		2B490DDA26E4B92600967E11 /* OfferUIView.swift */ = {isa = PBXFileReference; lastKnownFileType = sourcecode.swift; path = OfferUIView.swift; sourceTree = "<group>"; };
		2B490DDD26E4BA6000967E11 /* GradientView.swift */ = {isa = PBXFileReference; lastKnownFileType = sourcecode.swift; path = GradientView.swift; sourceTree = "<group>"; };
		2B490DDF26E4BB1800967E11 /* ProBadgeUIView.swift */ = {isa = PBXFileReference; lastKnownFileType = sourcecode.swift; path = ProBadgeUIView.swift; sourceTree = "<group>"; };
		2B4976FB26DBE90B00147EAA /* ComplexTransactionTableViewCell.swift */ = {isa = PBXFileReference; lastKnownFileType = sourcecode.swift; path = ComplexTransactionTableViewCell.swift; sourceTree = "<group>"; };
		2B949BAB2665B4040033383A /* Accountant.app */ = {isa = PBXFileReference; explicitFileType = wrapper.application; includeInIndex = 0; path = Accountant.app; sourceTree = BUILT_PRODUCTS_DIR; };
		2B949BAE2665B4040033383A /* AppDelegate.swift */ = {isa = PBXFileReference; lastKnownFileType = sourcecode.swift; path = AppDelegate.swift; sourceTree = "<group>"; };
		2B949BB02665B4040033383A /* SceneDelegate.swift */ = {isa = PBXFileReference; lastKnownFileType = sourcecode.swift; path = SceneDelegate.swift; sourceTree = "<group>"; };
		2B949BB82665B4040033383A /* Accountant.xcdatamodel */ = {isa = PBXFileReference; lastKnownFileType = wrapper.xcdatamodel; path = Accountant.xcdatamodel; sourceTree = "<group>"; };
		2B949BBA2665B4080033383A /* Assets.xcassets */ = {isa = PBXFileReference; lastKnownFileType = folder.assetcatalog; path = Assets.xcassets; sourceTree = "<group>"; };
		2B949BBF2665B4080033383A /* Info.plist */ = {isa = PBXFileReference; lastKnownFileType = text.plist.xml; path = Info.plist; sourceTree = "<group>"; };
		2B949BC42665B4090033383A /* AccountantTests.xctest */ = {isa = PBXFileReference; explicitFileType = wrapper.cfbundle; includeInIndex = 0; path = AccountantTests.xctest; sourceTree = BUILT_PRODUCTS_DIR; };
		2B949BC82665B4090033383A /* AccountantTests.swift */ = {isa = PBXFileReference; lastKnownFileType = sourcecode.swift; path = AccountantTests.swift; sourceTree = "<group>"; };
		2B949BCA2665B4090033383A /* Info.plist */ = {isa = PBXFileReference; lastKnownFileType = text.plist.xml; path = Info.plist; sourceTree = "<group>"; };
		2B949BCF2665B4090033383A /* AccountantUITests.xctest */ = {isa = PBXFileReference; explicitFileType = wrapper.cfbundle; includeInIndex = 0; path = AccountantUITests.xctest; sourceTree = BUILT_PRODUCTS_DIR; };
		2B949BD32665B4090033383A /* AccountantUITests.swift */ = {isa = PBXFileReference; lastKnownFileType = sourcecode.swift; path = AccountantUITests.swift; sourceTree = "<group>"; };
		2B949BD52665B4090033383A /* Info.plist */ = {isa = PBXFileReference; lastKnownFileType = text.plist.xml; path = Info.plist; sourceTree = "<group>"; };
		2BC058B826CD7A9400FE896C /* ComplexTransactionEditorViewController.swift */ = {isa = PBXFileReference; lastKnownFileType = sourcecode.swift; path = ComplexTransactionEditorViewController.swift; sourceTree = "<group>"; };
		2BC058BC26CDB63E00FE896C /* TransactionItemTableViewCell.swift */ = {isa = PBXFileReference; lastKnownFileType = sourcecode.swift; path = TransactionItemTableViewCell.swift; sourceTree = "<group>"; };
		2BCC0BD926ACD79C00E8680E /* StoreKit.framework */ = {isa = PBXFileReference; lastKnownFileType = wrapper.framework; name = StoreKit.framework; path = System/Library/Frameworks/StoreKit.framework; sourceTree = SDKROOT; };
		2BDB10A026DACD9200D8FE08 /* Protocols.swift */ = {isa = PBXFileReference; lastKnownFileType = sourcecode.swift; path = Protocols.swift; sourceTree = "<group>"; };
		2BE2593226BC8E6D0025301F /* Error.swift */ = {isa = PBXFileReference; lastKnownFileType = sourcecode.swift; path = Error.swift; sourceTree = "<group>"; };
		97FD10DCF67B198D7BE0F270 /* Pods_Accountant.framework */ = {isa = PBXFileReference; explicitFileType = wrapper.framework; includeInIndex = 0; path = Pods_Accountant.framework; sourceTree = BUILT_PRODUCTS_DIR; };
		A51B83286AAA2CAF601DDC80 /* Pods-Accountant.debug.xcconfig */ = {isa = PBXFileReference; includeInIndex = 1; lastKnownFileType = text.xcconfig; name = "Pods-Accountant.debug.xcconfig"; path = "Target Support Files/Pods-Accountant/Pods-Accountant.debug.xcconfig"; sourceTree = "<group>"; };
		B1061A3612DB2489861B1B83 /* Pods-Accountant.release.xcconfig */ = {isa = PBXFileReference; includeInIndex = 1; lastKnownFileType = text.xcconfig; name = "Pods-Accountant.release.xcconfig"; path = "Target Support Files/Pods-Accountant/Pods-Accountant.release.xcconfig"; sourceTree = "<group>"; };
/* End PBXFileReference section */

/* Begin PBXFrameworksBuildPhase section */
		2B949BA82665B4040033383A /* Frameworks */ = {
			isa = PBXFrameworksBuildPhase;
			buildActionMask = 2147483647;
			files = (
				38318A9FD81C28716622F93F /* Pods_Accountant.framework in Frameworks */,
				2BCC0BDA26ACD79C00E8680E /* StoreKit.framework in Frameworks */,
			);
			runOnlyForDeploymentPostprocessing = 0;
		};
		2B949BC12665B4090033383A /* Frameworks */ = {
			isa = PBXFrameworksBuildPhase;
			buildActionMask = 2147483647;
			files = (
			);
			runOnlyForDeploymentPostprocessing = 0;
		};
		2B949BCC2665B4090033383A /* Frameworks */ = {
			isa = PBXFrameworksBuildPhase;
			buildActionMask = 2147483647;
			files = (
			);
			runOnlyForDeploymentPostprocessing = 0;
		};
/* End PBXFrameworksBuildPhase section */

/* Begin PBXGroup section */
		2B1FEA43266BEE6700BF53BD /* Exchange Structures */ = {
			isa = PBXGroup;
			children = (
				2B1FEA47266BEE6700BF53BD /* CurrencyHistoricalDataProtocol.swift */,
				2B1FEA44266BEE6700BF53BD /* National Bank */,
				2B1FEA48266BEE6700BF53BD /* Privat Bank */,
			);
			path = "Exchange Structures";
			sourceTree = "<group>";
		};
		2B1FEA44266BEE6700BF53BD /* National Bank */ = {
			isa = PBXGroup;
			children = (
				2B1FEA45266BEE6700BF53BD /* CurrencyExhangeNB.swift */,
				2B1FEA46266BEE6700BF53BD /* CurrencyHistoricalDataNB.swift */,
			);
			path = "National Bank";
			sourceTree = "<group>";
		};
		2B1FEA48266BEE6700BF53BD /* Privat Bank */ = {
			isa = PBXGroup;
			children = (
				2B1FEA49266BEE6700BF53BD /* CurrencyExchangePB.swift */,
				2B1FEA4A266BEE6700BF53BD /* CurrencyHistoricalDataPB.swift */,
			);
			path = "Privat Bank";
			sourceTree = "<group>";
		};
		2B1FEA5D266BEFA500BF53BD /* Model */ = {
			isa = PBXGroup;
			children = (
				2B1FEA43266BEE6700BF53BD /* Exchange Structures */,
				2B1FEB66266D752200BF53BD /* Visualisation */,
				2B1FEA69266BF15200BF53BD /* AccountManager.swift */,
				2B1FEA61266BF03300BF53BD /* CurrencyManager.swift */,
				2B1FEA82266C1D9900BF53BD /* TransactionManager.swift */,
				2B0D1D3226ADF1D1003C6394 /* TransactionItemManager.swift */,
				2B1FEABB266C41C100BF53BD /* AccountsNameLocalisationManager.swift */,
				2B1FEA39266BEDA400BF53BD /* CoreDataStack.swift */,
				2B1FEB40266D257800BF53BD /* NetworkServices.swift */,
				2B1FEA3E266BEDD400BF53BD /* UserProfile.swift */,
				2B1FEA58266BEF8500BF53BD /* Entitlement.swift */,
				2B1FEBB0266EE1D500BF53BD /* PreTrasaction.swift */,
				2B3A260326E95C780033E746 /* AccessCheckManager.swift */,
			);
			path = Model;
			sourceTree = "<group>";
		};
		2B1FEA8F266C334500BF53BD /* View Controllers */ = {
			isa = PBXGroup;
			children = (
				2B1FEAD8266C48E400BF53BD /* Account */,
				2B1FEB80266EC3A200BF53BD /* Analytics */,
				2B1FEACA266C433800BF53BD /* Auth */,
				2B1FEB50266D260100BF53BD /* Currency */,
				2B1FEAA3266C368100BF53BD /* First Launch */,
				2B1FEAB7266C3D7900BF53BD /* Transaction */,
				2B1FEB96266EDE5000BF53BD /* SettingsTableViewController.swift */,
				2B1FEBAA266EE19B00BF53BD /* ImportTransactionViewController.swift */,
				2B1FEB4B266D25EE00BF53BD /* PurchaseOfferViewController.swift */,
				2B1407A726F5D49B00114B95 /* WebViewController.swift */,
			);
			path = "View Controllers";
			sourceTree = "<group>";
		};
		2B1FEA9D266C347700BF53BD /* Helpers */ = {
			isa = PBXGroup;
			children = (
				2B1FEA9E266C349B00BF53BD /* Constants.swift */,
				2B1FEA53266BEEC000BF53BD /* Enums.swift */,
				2BE2593226BC8E6D0025301F /* Error.swift */,
				2B1FEAE0266CAF6C00BF53BD /* Extensions */,
				2BDB10A026DACD9200D8FE08 /* Protocols.swift */,
				2B490DD826E4B8CE00967E11 /* OfferUITapGestureRecognizer.swift */,
			);
			path = Helpers;
			sourceTree = "<group>";
		};
		2B1FEAA3266C368100BF53BD /* First Launch */ = {
			isa = PBXGroup;
			children = (
				2B44C9F326EDFC6E0009976A /* WelcomeViewController.swift */,
				2B44C9F526EE86F00009976A /* StartAccountingViewController.swift */,
			);
			path = "First Launch";
			sourceTree = "<group>";
		};
		2B1FEAB2266C3ACE00BF53BD /* Cells */ = {
			isa = PBXGroup;
			children = (
				2B4976FB26DBE90B00147EAA /* ComplexTransactionTableViewCell.swift */,
				2BC058BC26CDB63E00FE896C /* TransactionItemTableViewCell.swift */,
				2B2E2E8A26E0054400A6CFDD /* AnalyticTableViewCell.swift */,
				2B1407A926F629A600114B95 /* AccountTableViewCell.swift */,
				2B1407AB26F931AA00114B95 /* AccountNavigationTableViewCell.swift */,
				2B1FEAF6266CB2C200BF53BD /* CurrencyTableViewCell.swift */,
				2B1FEBB5266EE45F00BF53BD /* PreTransactionTableViewCell.swift */,
				2B3BD61926EBE85D0056A9F7 /* SettingsTableViewCell.swift */,
			);
			path = Cells;
			sourceTree = "<group>";
		};
		2B1FEAB7266C3D7900BF53BD /* Transaction */ = {
			isa = PBXGroup;
			children = (
				2B1FEAA7266C3AB800BF53BD /* SimpleTransactionEditorViewController.swift */,
				2BC058B826CD7A9400FE896C /* ComplexTransactionEditorViewController.swift */,
				2B1FEAAA266C3AB800BF53BD /* TransactionListViewController.swift */,
			);
			path = Transaction;
			sourceTree = "<group>";
		};
		2B1FEACA266C433800BF53BD /* Auth */ = {
			isa = PBXGroup;
			children = (
				2B1FEAC3266C433100BF53BD /* AuthPinAndBiometricViewController.swift */,
				2B1FEAC4266C433100BF53BD /* BiometricAuthViewController.swift */,
			);
			path = Auth;
			sourceTree = "<group>";
		};
		2B1FEAD8266C48E400BF53BD /* Account */ = {
			isa = PBXGroup;
			children = (
				2B3A260526EA6DD90033E746 /* AccountManagerController.swift */,
				2B1FEB16266CBA6000BF53BD /* AccountNavigatorTableViewController.swift */,
				2B1FEADA266CAEC200BF53BD /* AccountEditorWithInitialBalanceViewController.swift */,
				2B1FEAD9266CAEC100BF53BD /* AddAccountViewController.swift */,
				2B1FEB56266D73DC00BF53BD /* AccountListTableViewController.swift */,
				2B1FEB55266D73DC00BF53BD /* AccountListViewController.swift */,
			);
			path = Account;
			sourceTree = "<group>";
		};
		2B1FEAE0266CAF6C00BF53BD /* Extensions */ = {
			isa = PBXGroup;
			children = (
				2B1FEAE1266CAF6C00BF53BD /* Extension UIDevice.swift */,
				2B1FEAE2266CAF6C00BF53BD /* Extension UIScrollView.swift */,
				2B1FEAE3266CAF6C00BF53BD /* Extension Formatter.swift */,
				2B1FEAE4266CAF6C00BF53BD /* Extension UIResponder.swift */,
				2B1FEAE5266CAF6C00BF53BD /* Extension Double.swift */,
				2B2E6D1C26DD960D004A9680 /* TransactionItemTextField.swift */,
				2B490DD626E2911C00967E11 /* Extension Notification.swift */,
			);
			path = Extensions;
			sourceTree = "<group>";
		};
		2B1FEB50266D260100BF53BD /* Currency */ = {
			isa = PBXGroup;
			children = (
				2B1FEAFB266CB61000BF53BD /* CurrencyTableViewController.swift */,
			);
			path = Currency;
			sourceTree = "<group>";
		};
		2B1FEB66266D752200BF53BD /* Visualisation */ = {
			isa = PBXGroup;
			children = (
				2B1FEB6A266D752200BF53BD /* AccountData.swift */,
				2B1FEB68266D752200BF53BD /* DataForPieCharts.swift */,
				2B1FEB69266D752200BF53BD /* PresentingData.swift */,
				2B1FEB67266D752200BF53BD /* ChartData.swift */,
				2B1FEB6B266D752200BF53BD /* ChartsManager.swift */,
			);
			path = Visualisation;
			sourceTree = "<group>";
		};
		2B1FEB80266EC3A200BF53BD /* Analytics */ = {
			isa = PBXGroup;
			children = (
				2B1FEB78266EC39800BF53BD /* AnalyticsTableViewController.swift */,
				2B1FEB79266EC39800BF53BD /* AnalyticsViewController.swift */,
				2B1FEB8D266EC44600BF53BD /* ConfigureAnalyticsViewController.swift */,
			);
			path = Analytics;
			sourceTree = "<group>";
		};
		2B490DDC26E4B94000967E11 /* Views */ = {
			isa = PBXGroup;
			children = (
				2B490DDA26E4B92600967E11 /* OfferUIView.swift */,
				2B490DDD26E4BA6000967E11 /* GradientView.swift */,
				2B490DDF26E4BB1800967E11 /* ProBadgeUIView.swift */,
				2B104E5126E558F300E67F6A /* SalesBadgeUIView.swift */,
			);
			path = Views;
			sourceTree = "<group>";
		};
		2B949BA22665B4040033383A = {
			isa = PBXGroup;
			children = (
				2B949BAD2665B4040033383A /* Accountant */,
				2B949BC72665B4090033383A /* AccountantTests */,
				2B949BD22665B4090033383A /* AccountantUITests */,
				2B949BAC2665B4040033383A /* Products */,
				97882870573A3BE0BB7C8047 /* Pods */,
				77D38D658A3E56B26B79298B /* Frameworks */,
			);
			sourceTree = "<group>";
		};
		2B949BAC2665B4040033383A /* Products */ = {
			isa = PBXGroup;
			children = (
				2B949BAB2665B4040033383A /* Accountant.app */,
				2B949BC42665B4090033383A /* AccountantTests.xctest */,
				2B949BCF2665B4090033383A /* AccountantUITests.xctest */,
			);
			name = Products;
			sourceTree = "<group>";
		};
		2B949BAD2665B4040033383A /* Accountant */ = {
			isa = PBXGroup;
			children = (
				2B949BB72665B4040033383A /* Accountant.xcdatamodeld */,
				2B949BAE2665B4040033383A /* AppDelegate.swift */,
				2B1FEA5D266BEFA500BF53BD /* Model */,
				2B949BB02665B4040033383A /* SceneDelegate.swift */,
				2B1FEA9D266C347700BF53BD /* Helpers */,
				2B490DDC26E4B94000967E11 /* Views */,
				2B1FEA8F266C334500BF53BD /* View Controllers */,
				2B1FEAB2266C3ACE00BF53BD /* Cells */,
				2B949BB42665B4040033383A /* Main.storyboard */,
				2B949BBC2665B4080033383A /* LaunchScreen.storyboard */,
				2B3F0D1026A0EFA000AA514B /* Localizable.strings */,
				2B949BBA2665B4080033383A /* Assets.xcassets */,
				2B949BBF2665B4080033383A /* Info.plist */,
			);
			path = Accountant;
			sourceTree = "<group>";
		};
		2B949BC72665B4090033383A /* AccountantTests */ = {
			isa = PBXGroup;
			children = (
				2B949BC82665B4090033383A /* AccountantTests.swift */,
				2B949BCA2665B4090033383A /* Info.plist */,
				2B1FEA6E266C112600BF53BD /* AccountTests.swift */,
				2B1FEA87266C219C00BF53BD /* CurrencyTests.swift */,
				2B1FEA73266C116F00BF53BD /* TestCoreDataStack.swift */,
			);
			path = AccountantTests;
			sourceTree = "<group>";
		};
		2B949BD22665B4090033383A /* AccountantUITests */ = {
			isa = PBXGroup;
			children = (
				2B949BD32665B4090033383A /* AccountantUITests.swift */,
				2B949BD52665B4090033383A /* Info.plist */,
			);
			path = AccountantUITests;
			sourceTree = "<group>";
		};
		77D38D658A3E56B26B79298B /* Frameworks */ = {
			isa = PBXGroup;
			children = (
				2BCC0BD926ACD79C00E8680E /* StoreKit.framework */,
				97FD10DCF67B198D7BE0F270 /* Pods_Accountant.framework */,
			);
			name = Frameworks;
			sourceTree = "<group>";
		};
		97882870573A3BE0BB7C8047 /* Pods */ = {
			isa = PBXGroup;
			children = (
				A51B83286AAA2CAF601DDC80 /* Pods-Accountant.debug.xcconfig */,
				B1061A3612DB2489861B1B83 /* Pods-Accountant.release.xcconfig */,
			);
			path = Pods;
			sourceTree = "<group>";
		};
/* End PBXGroup section */

/* Begin PBXNativeTarget section */
		2B949BAA2665B4040033383A /* Accountant */ = {
			isa = PBXNativeTarget;
			buildConfigurationList = 2B949BD82665B4090033383A /* Build configuration list for PBXNativeTarget "Accountant" */;
			buildPhases = (
				4206EC2065EB3E0005B5667B /* [CP] Check Pods Manifest.lock */,
				2B949BA72665B4040033383A /* Sources */,
				2B949BA82665B4040033383A /* Frameworks */,
				2B949BA92665B4040033383A /* Resources */,
				2EA769D64B77CDA8E884DBF1 /* [CP] Embed Pods Frameworks */,
			);
			buildRules = (
			);
			dependencies = (
			);
			name = Accountant;
			productName = Accountant;
			productReference = 2B949BAB2665B4040033383A /* Accountant.app */;
			productType = "com.apple.product-type.application";
		};
		2B949BC32665B4090033383A /* AccountantTests */ = {
			isa = PBXNativeTarget;
			buildConfigurationList = 2B949BDB2665B4090033383A /* Build configuration list for PBXNativeTarget "AccountantTests" */;
			buildPhases = (
				2B949BC02665B4090033383A /* Sources */,
				2B949BC12665B4090033383A /* Frameworks */,
				2B949BC22665B4090033383A /* Resources */,
			);
			buildRules = (
			);
			dependencies = (
				2B949BC62665B4090033383A /* PBXTargetDependency */,
			);
			name = AccountantTests;
			productName = AccountantTests;
			productReference = 2B949BC42665B4090033383A /* AccountantTests.xctest */;
			productType = "com.apple.product-type.bundle.unit-test";
		};
		2B949BCE2665B4090033383A /* AccountantUITests */ = {
			isa = PBXNativeTarget;
			buildConfigurationList = 2B949BDE2665B4090033383A /* Build configuration list for PBXNativeTarget "AccountantUITests" */;
			buildPhases = (
				2B949BCB2665B4090033383A /* Sources */,
				2B949BCC2665B4090033383A /* Frameworks */,
				2B949BCD2665B4090033383A /* Resources */,
			);
			buildRules = (
			);
			dependencies = (
				2B949BD12665B4090033383A /* PBXTargetDependency */,
			);
			name = AccountantUITests;
			productName = AccountantUITests;
			productReference = 2B949BCF2665B4090033383A /* AccountantUITests.xctest */;
			productType = "com.apple.product-type.bundle.ui-testing";
		};
/* End PBXNativeTarget section */

/* Begin PBXProject section */
		2B949BA32665B4040033383A /* Project object */ = {
			isa = PBXProject;
			attributes = {
				LastSwiftUpdateCheck = 1240;
				LastUpgradeCheck = 1240;
				TargetAttributes = {
					2B949BAA2665B4040033383A = {
						CreatedOnToolsVersion = 12.4;
					};
					2B949BC32665B4090033383A = {
						CreatedOnToolsVersion = 12.4;
						TestTargetID = 2B949BAA2665B4040033383A;
					};
					2B949BCE2665B4090033383A = {
						CreatedOnToolsVersion = 12.4;
						TestTargetID = 2B949BAA2665B4040033383A;
					};
				};
			};
			buildConfigurationList = 2B949BA62665B4040033383A /* Build configuration list for PBXProject "Accountant" */;
			compatibilityVersion = "Xcode 9.3";
			developmentRegion = en;
			hasScannedForEncodings = 0;
			knownRegions = (
				en,
				Base,
				uk,
			);
			mainGroup = 2B949BA22665B4040033383A;
			productRefGroup = 2B949BAC2665B4040033383A /* Products */;
			projectDirPath = "";
			projectRoot = "";
			targets = (
				2B949BAA2665B4040033383A /* Accountant */,
				2B949BC32665B4090033383A /* AccountantTests */,
				2B949BCE2665B4090033383A /* AccountantUITests */,
			);
		};
/* End PBXProject section */

/* Begin PBXResourcesBuildPhase section */
		2B949BA92665B4040033383A /* Resources */ = {
			isa = PBXResourcesBuildPhase;
			buildActionMask = 2147483647;
			files = (
				2B949BBE2665B4080033383A /* LaunchScreen.storyboard in Resources */,
				2B3F0D0E26A0EFA000AA514B /* Localizable.strings in Resources */,
				2B949BBB2665B4080033383A /* Assets.xcassets in Resources */,
				2B949BB62665B4040033383A /* Main.storyboard in Resources */,
			);
			runOnlyForDeploymentPostprocessing = 0;
		};
		2B949BC22665B4090033383A /* Resources */ = {
			isa = PBXResourcesBuildPhase;
			buildActionMask = 2147483647;
			files = (
			);
			runOnlyForDeploymentPostprocessing = 0;
		};
		2B949BCD2665B4090033383A /* Resources */ = {
			isa = PBXResourcesBuildPhase;
			buildActionMask = 2147483647;
			files = (
			);
			runOnlyForDeploymentPostprocessing = 0;
		};
/* End PBXResourcesBuildPhase section */

/* Begin PBXShellScriptBuildPhase section */
		2EA769D64B77CDA8E884DBF1 /* [CP] Embed Pods Frameworks */ = {
			isa = PBXShellScriptBuildPhase;
			buildActionMask = 2147483647;
			files = (
			);
			inputFileListPaths = (
				"${PODS_ROOT}/Target Support Files/Pods-Accountant/Pods-Accountant-frameworks-${CONFIGURATION}-input-files.xcfilelist",
			);
			name = "[CP] Embed Pods Frameworks";
			outputFileListPaths = (
				"${PODS_ROOT}/Target Support Files/Pods-Accountant/Pods-Accountant-frameworks-${CONFIGURATION}-output-files.xcfilelist",
			);
			runOnlyForDeploymentPostprocessing = 0;
			shellPath = /bin/sh;
			shellScript = "\"${PODS_ROOT}/Target Support Files/Pods-Accountant/Pods-Accountant-frameworks.sh\"\n";
			showEnvVarsInLog = 0;
		};
		4206EC2065EB3E0005B5667B /* [CP] Check Pods Manifest.lock */ = {
			isa = PBXShellScriptBuildPhase;
			buildActionMask = 2147483647;
			files = (
			);
			inputFileListPaths = (
			);
			inputPaths = (
				"${PODS_PODFILE_DIR_PATH}/Podfile.lock",
				"${PODS_ROOT}/Manifest.lock",
			);
			name = "[CP] Check Pods Manifest.lock";
			outputFileListPaths = (
			);
			outputPaths = (
				"$(DERIVED_FILE_DIR)/Pods-Accountant-checkManifestLockResult.txt",
			);
			runOnlyForDeploymentPostprocessing = 0;
			shellPath = /bin/sh;
			shellScript = "diff \"${PODS_PODFILE_DIR_PATH}/Podfile.lock\" \"${PODS_ROOT}/Manifest.lock\" > /dev/null\nif [ $? != 0 ] ; then\n    # print error to STDERR\n    echo \"error: The sandbox is not in sync with the Podfile.lock. Run 'pod install' or update your CocoaPods installation.\" >&2\n    exit 1\nfi\n# This output is used by Xcode 'outputs' to avoid re-running this script phase.\necho \"SUCCESS\" > \"${SCRIPT_OUTPUT_FILE_0}\"\n";
			showEnvVarsInLog = 0;
		};
/* End PBXShellScriptBuildPhase section */

/* Begin PBXSourcesBuildPhase section */
		2B949BA72665B4040033383A /* Sources */ = {
			isa = PBXSourcesBuildPhase;
			buildActionMask = 2147483647;
			files = (
				2B1FEB70266D752200BF53BD /* ChartsManager.swift in Sources */,
				2B0D1D3326ADF1D1003C6394 /* TransactionItemManager.swift in Sources */,
				2B3BD61A26EBE85D0056A9F7 /* SettingsTableViewCell.swift in Sources */,
				2B490DDE26E4BA6000967E11 /* GradientView.swift in Sources */,
				2B1FEBB1266EE1D500BF53BD /* PreTrasaction.swift in Sources */,
				2B1FEA4C266BEE6700BF53BD /* CurrencyHistoricalDataNB.swift in Sources */,
				2BC058B926CD7A9400FE896C /* ComplexTransactionEditorViewController.swift in Sources */,
				2B1FEA4D266BEE6700BF53BD /* CurrencyHistoricalDataProtocol.swift in Sources */,
				2B1FEA62266BF03300BF53BD /* CurrencyManager.swift in Sources */,
				2B1FEAE9266CAF6C00BF53BD /* Extension UIResponder.swift in Sources */,
				2B1FEAAE266C3AB900BF53BD /* TransactionListViewController.swift in Sources */,
				2B44C9F426EDFC6E0009976A /* WelcomeViewController.swift in Sources */,
				2B1FEAE8266CAF6C00BF53BD /* Extension Formatter.swift in Sources */,
				2B1FEB58266D73DC00BF53BD /* AccountListTableViewController.swift in Sources */,
				2B1FEAEA266CAF6C00BF53BD /* Extension Double.swift in Sources */,
				2B1FEA59266BEF8500BF53BD /* Entitlement.swift in Sources */,
				2BDB10A126DACD9200D8FE08 /* Protocols.swift in Sources */,
				2B1FEA83266C1D9A00BF53BD /* TransactionManager.swift in Sources */,
				2B490DE026E4BB1800967E11 /* ProBadgeUIView.swift in Sources */,
				2B1FEBAC266EE19B00BF53BD /* ImportTransactionViewController.swift in Sources */,
				2BC058BD26CDB63E00FE896C /* TransactionItemTableViewCell.swift in Sources */,
				2B1FEB6C266D752200BF53BD /* ChartData.swift in Sources */,
				2B1FEA3A266BEDA400BF53BD /* CoreDataStack.swift in Sources */,
				2B1407AC26F931AA00114B95 /* AccountNavigationTableViewCell.swift in Sources */,
				2B1FEA6A266BF15200BF53BD /* AccountManager.swift in Sources */,
				2B1FEAC6266C433200BF53BD /* BiometricAuthViewController.swift in Sources */,
				2B1FEAE7266CAF6C00BF53BD /* Extension UIScrollView.swift in Sources */,
				2B1FEABC266C41C100BF53BD /* AccountsNameLocalisationManager.swift in Sources */,
				2B1FEAFC266CB61000BF53BD /* CurrencyTableViewController.swift in Sources */,
				2B1FEA3F266BEDD400BF53BD /* UserProfile.swift in Sources */,
				2B1FEB98266EDE5000BF53BD /* SettingsTableViewController.swift in Sources */,
				2B1FEA4F266BEE6700BF53BD /* CurrencyHistoricalDataPB.swift in Sources */,
				2B2E6D1D26DD960D004A9680 /* TransactionItemTextField.swift in Sources */,
				2B3A260426E95C780033E746 /* AccessCheckManager.swift in Sources */,
				2B490DDB26E4B92600967E11 /* OfferUIView.swift in Sources */,
				2B44C9F626EE86F00009976A /* StartAccountingViewController.swift in Sources */,
				2B2E2E8B26E0054400A6CFDD /* AnalyticTableViewCell.swift in Sources */,
				2B1FEB57266D73DC00BF53BD /* AccountListViewController.swift in Sources */,
				2B1FEB7C266EC39800BF53BD /* AnalyticsViewController.swift in Sources */,
				2B1FEB6D266D752200BF53BD /* DataForPieCharts.swift in Sources */,
				2B1FEB41266D257900BF53BD /* NetworkServices.swift in Sources */,
				2B1FEAE6266CAF6C00BF53BD /* Extension UIDevice.swift in Sources */,
				2B1FEBB6266EE45F00BF53BD /* PreTransactionTableViewCell.swift in Sources */,
				2B3A260626EA6DD90033E746 /* AccountManagerController.swift in Sources */,
				2B1FEA4E266BEE6700BF53BD /* CurrencyExchangePB.swift in Sources */,
				2B1FEB18266CBA6000BF53BD /* AccountNavigatorTableViewController.swift in Sources */,
				2B1FEB6F266D752200BF53BD /* AccountData.swift in Sources */,
				2B1FEADC266CAEC200BF53BD /* AccountEditorWithInitialBalanceViewController.swift in Sources */,
				2B1FEB4C266D25EE00BF53BD /* PurchaseOfferViewController.swift in Sources */,
				2B949BAF2665B4040033383A /* AppDelegate.swift in Sources */,
				2B949BB12665B4040033383A /* SceneDelegate.swift in Sources */,
				2B1FEADB266CAEC200BF53BD /* AddAccountViewController.swift in Sources */,
				2B1407A826F5D49B00114B95 /* WebViewController.swift in Sources */,
				2B1FEAF7266CB2C200BF53BD /* CurrencyTableViewCell.swift in Sources */,
				2B1FEB7B266EC39800BF53BD /* AnalyticsTableViewController.swift in Sources */,
				2B4976FC26DBE90B00147EAA /* ComplexTransactionTableViewCell.swift in Sources */,
				2B1FEB8E266EC44600BF53BD /* ConfigureAnalyticsViewController.swift in Sources */,
				2BE2593326BC8E6D0025301F /* Error.swift in Sources */,
				2B1FEAAB266C3AB900BF53BD /* SimpleTransactionEditorViewController.swift in Sources */,
				2B490DD926E4B8CE00967E11 /* OfferUITapGestureRecognizer.swift in Sources */,
				2B1FEAC5266C433200BF53BD /* AuthPinAndBiometricViewController.swift in Sources */,
				2B1FEB6E266D752200BF53BD /* PresentingData.swift in Sources */,
				2B490DD726E2911C00967E11 /* Extension Notification.swift in Sources */,
				2B1FEA4B266BEE6700BF53BD /* CurrencyExhangeNB.swift in Sources */,
				2B1FEA54266BEEC000BF53BD /* Enums.swift in Sources */,
				2B949BB92665B4040033383A /* Accountant.xcdatamodeld in Sources */,
				2B1407AA26F629A600114B95 /* AccountTableViewCell.swift in Sources */,
				2B104E5226E558F300E67F6A /* SalesBadgeUIView.swift in Sources */,
				2B1FEA9F266C349B00BF53BD /* Constants.swift in Sources */,
			);
			runOnlyForDeploymentPostprocessing = 0;
		};
		2B949BC02665B4090033383A /* Sources */ = {
			isa = PBXSourcesBuildPhase;
			buildActionMask = 2147483647;
			files = (
				2B1FEA88266C219C00BF53BD /* CurrencyTests.swift in Sources */,
				2B949BC92665B4090033383A /* AccountantTests.swift in Sources */,
				2B1FEA6F266C112600BF53BD /* AccountTests.swift in Sources */,
				2B1FEA74266C116F00BF53BD /* TestCoreDataStack.swift in Sources */,
			);
			runOnlyForDeploymentPostprocessing = 0;
		};
		2B949BCB2665B4090033383A /* Sources */ = {
			isa = PBXSourcesBuildPhase;
			buildActionMask = 2147483647;
			files = (
				2B949BD42665B4090033383A /* AccountantUITests.swift in Sources */,
			);
			runOnlyForDeploymentPostprocessing = 0;
		};
/* End PBXSourcesBuildPhase section */

/* Begin PBXTargetDependency section */
		2B949BC62665B4090033383A /* PBXTargetDependency */ = {
			isa = PBXTargetDependency;
			target = 2B949BAA2665B4040033383A /* Accountant */;
			targetProxy = 2B949BC52665B4090033383A /* PBXContainerItemProxy */;
		};
		2B949BD12665B4090033383A /* PBXTargetDependency */ = {
			isa = PBXTargetDependency;
			target = 2B949BAA2665B4040033383A /* Accountant */;
			targetProxy = 2B949BD02665B4090033383A /* PBXContainerItemProxy */;
		};
/* End PBXTargetDependency section */

/* Begin PBXVariantGroup section */
		2B3F0D1026A0EFA000AA514B /* Localizable.strings */ = {
			isa = PBXVariantGroup;
			children = (
				2B3F0D0F26A0EFA000AA514B /* en */,
				2B3F0D1326A0F01C00AA514B /* uk */,
			);
			name = Localizable.strings;
			sourceTree = "<group>";
		};
		2B949BB42665B4040033383A /* Main.storyboard */ = {
			isa = PBXVariantGroup;
			children = (
				2B3F0D0A26A0EF0500AA514B /* Base */,
				2B3F0D1126A0EFEC00AA514B /* uk */,
			);
			name = Main.storyboard;
			sourceTree = "<group>";
		};
		2B949BBC2665B4080033383A /* LaunchScreen.storyboard */ = {
			isa = PBXVariantGroup;
			children = (
				2B3F0D0B26A0EF0500AA514B /* Base */,
				2B3F0D1226A0F01B00AA514B /* uk */,
			);
			name = LaunchScreen.storyboard;
			sourceTree = "<group>";
		};
/* End PBXVariantGroup section */

/* Begin XCBuildConfiguration section */
		2B949BD62665B4090033383A /* Debug */ = {
			isa = XCBuildConfiguration;
			buildSettings = {
				ALWAYS_SEARCH_USER_PATHS = NO;
				CLANG_ANALYZER_LOCALIZABILITY_NONLOCALIZED = YES;
				CLANG_ANALYZER_NONNULL = YES;
				CLANG_ANALYZER_NUMBER_OBJECT_CONVERSION = YES_AGGRESSIVE;
				CLANG_CXX_LANGUAGE_STANDARD = "gnu++14";
				CLANG_CXX_LIBRARY = "libc++";
				CLANG_ENABLE_MODULES = YES;
				CLANG_ENABLE_OBJC_ARC = YES;
				CLANG_ENABLE_OBJC_WEAK = YES;
				CLANG_WARN_BLOCK_CAPTURE_AUTORELEASING = YES;
				CLANG_WARN_BOOL_CONVERSION = YES;
				CLANG_WARN_COMMA = YES;
				CLANG_WARN_CONSTANT_CONVERSION = YES;
				CLANG_WARN_DEPRECATED_OBJC_IMPLEMENTATIONS = YES;
				CLANG_WARN_DIRECT_OBJC_ISA_USAGE = YES_ERROR;
				CLANG_WARN_DOCUMENTATION_COMMENTS = YES;
				CLANG_WARN_EMPTY_BODY = YES;
				CLANG_WARN_ENUM_CONVERSION = YES;
				CLANG_WARN_INFINITE_RECURSION = YES;
				CLANG_WARN_INT_CONVERSION = YES;
				CLANG_WARN_NON_LITERAL_NULL_CONVERSION = YES;
				CLANG_WARN_OBJC_IMPLICIT_RETAIN_SELF = YES;
				CLANG_WARN_OBJC_LITERAL_CONVERSION = YES;
				CLANG_WARN_OBJC_ROOT_CLASS = YES_ERROR;
				CLANG_WARN_QUOTED_INCLUDE_IN_FRAMEWORK_HEADER = YES;
				CLANG_WARN_RANGE_LOOP_ANALYSIS = YES;
				CLANG_WARN_STRICT_PROTOTYPES = YES;
				CLANG_WARN_SUSPICIOUS_MOVE = YES;
				CLANG_WARN_UNGUARDED_AVAILABILITY = YES_AGGRESSIVE;
				CLANG_WARN_UNREACHABLE_CODE = YES;
				CLANG_WARN__DUPLICATE_METHOD_MATCH = YES;
				COPY_PHASE_STRIP = NO;
				DEBUG_INFORMATION_FORMAT = dwarf;
				ENABLE_STRICT_OBJC_MSGSEND = YES;
				ENABLE_TESTABILITY = YES;
				GCC_C_LANGUAGE_STANDARD = gnu11;
				GCC_DYNAMIC_NO_PIC = NO;
				GCC_NO_COMMON_BLOCKS = YES;
				GCC_OPTIMIZATION_LEVEL = 0;
				GCC_PREPROCESSOR_DEFINITIONS = (
					"DEBUG=1",
					"$(inherited)",
				);
				GCC_WARN_64_TO_32_BIT_CONVERSION = YES;
				GCC_WARN_ABOUT_RETURN_TYPE = YES_ERROR;
				GCC_WARN_UNDECLARED_SELECTOR = YES;
				GCC_WARN_UNINITIALIZED_AUTOS = YES_AGGRESSIVE;
				GCC_WARN_UNUSED_FUNCTION = YES;
				GCC_WARN_UNUSED_VARIABLE = YES;
				IPHONEOS_DEPLOYMENT_TARGET = 13.4;
				MTL_ENABLE_DEBUG_INFO = INCLUDE_SOURCE;
				MTL_FAST_MATH = YES;
				ONLY_ACTIVE_ARCH = YES;
				SDKROOT = iphoneos;
				SWIFT_ACTIVE_COMPILATION_CONDITIONS = DEBUG;
				SWIFT_OPTIMIZATION_LEVEL = "-Onone";
			};
			name = Debug;
		};
		2B949BD72665B4090033383A /* Release */ = {
			isa = XCBuildConfiguration;
			buildSettings = {
				ALWAYS_SEARCH_USER_PATHS = NO;
				CLANG_ANALYZER_LOCALIZABILITY_NONLOCALIZED = YES;
				CLANG_ANALYZER_NONNULL = YES;
				CLANG_ANALYZER_NUMBER_OBJECT_CONVERSION = YES_AGGRESSIVE;
				CLANG_CXX_LANGUAGE_STANDARD = "gnu++14";
				CLANG_CXX_LIBRARY = "libc++";
				CLANG_ENABLE_MODULES = YES;
				CLANG_ENABLE_OBJC_ARC = YES;
				CLANG_ENABLE_OBJC_WEAK = YES;
				CLANG_WARN_BLOCK_CAPTURE_AUTORELEASING = YES;
				CLANG_WARN_BOOL_CONVERSION = YES;
				CLANG_WARN_COMMA = YES;
				CLANG_WARN_CONSTANT_CONVERSION = YES;
				CLANG_WARN_DEPRECATED_OBJC_IMPLEMENTATIONS = YES;
				CLANG_WARN_DIRECT_OBJC_ISA_USAGE = YES_ERROR;
				CLANG_WARN_DOCUMENTATION_COMMENTS = YES;
				CLANG_WARN_EMPTY_BODY = YES;
				CLANG_WARN_ENUM_CONVERSION = YES;
				CLANG_WARN_INFINITE_RECURSION = YES;
				CLANG_WARN_INT_CONVERSION = YES;
				CLANG_WARN_NON_LITERAL_NULL_CONVERSION = YES;
				CLANG_WARN_OBJC_IMPLICIT_RETAIN_SELF = YES;
				CLANG_WARN_OBJC_LITERAL_CONVERSION = YES;
				CLANG_WARN_OBJC_ROOT_CLASS = YES_ERROR;
				CLANG_WARN_QUOTED_INCLUDE_IN_FRAMEWORK_HEADER = YES;
				CLANG_WARN_RANGE_LOOP_ANALYSIS = YES;
				CLANG_WARN_STRICT_PROTOTYPES = YES;
				CLANG_WARN_SUSPICIOUS_MOVE = YES;
				CLANG_WARN_UNGUARDED_AVAILABILITY = YES_AGGRESSIVE;
				CLANG_WARN_UNREACHABLE_CODE = YES;
				CLANG_WARN__DUPLICATE_METHOD_MATCH = YES;
				COPY_PHASE_STRIP = NO;
				DEBUG_INFORMATION_FORMAT = "dwarf-with-dsym";
				ENABLE_NS_ASSERTIONS = NO;
				ENABLE_STRICT_OBJC_MSGSEND = YES;
				GCC_C_LANGUAGE_STANDARD = gnu11;
				GCC_NO_COMMON_BLOCKS = YES;
				GCC_WARN_64_TO_32_BIT_CONVERSION = YES;
				GCC_WARN_ABOUT_RETURN_TYPE = YES_ERROR;
				GCC_WARN_UNDECLARED_SELECTOR = YES;
				GCC_WARN_UNINITIALIZED_AUTOS = YES_AGGRESSIVE;
				GCC_WARN_UNUSED_FUNCTION = YES;
				GCC_WARN_UNUSED_VARIABLE = YES;
				IPHONEOS_DEPLOYMENT_TARGET = 13.4;
				MTL_ENABLE_DEBUG_INFO = NO;
				MTL_FAST_MATH = YES;
				SDKROOT = iphoneos;
				SWIFT_COMPILATION_MODE = wholemodule;
				SWIFT_OPTIMIZATION_LEVEL = "-O";
				VALIDATE_PRODUCT = YES;
			};
			name = Release;
		};
		2B949BD92665B4090033383A /* Debug */ = {
			isa = XCBuildConfiguration;
			baseConfigurationReference = A51B83286AAA2CAF601DDC80 /* Pods-Accountant.debug.xcconfig */;
			buildSettings = {
				ASSETCATALOG_COMPILER_APPICON_NAME = AppIcon;
				ASSETCATALOG_COMPILER_GLOBAL_ACCENT_COLOR_NAME = AccentColor;
				CODE_SIGN_STYLE = Automatic;
				DEVELOPMENT_TEAM = K9DDNWAUNR;
				INFOPLIST_FILE = Accountant/Info.plist;
				LD_RUNPATH_SEARCH_PATHS = (
					"$(inherited)",
					"@executable_path/Frameworks",
				);
				PRODUCT_BUNDLE_IDENTIFIER = RT.Accountant;
				PRODUCT_NAME = "$(TARGET_NAME)";
				SWIFT_VERSION = 5.0;
				TARGETED_DEVICE_FAMILY = "1,2";
			};
			name = Debug;
		};
		2B949BDA2665B4090033383A /* Release */ = {
			isa = XCBuildConfiguration;
			baseConfigurationReference = B1061A3612DB2489861B1B83 /* Pods-Accountant.release.xcconfig */;
			buildSettings = {
				ASSETCATALOG_COMPILER_APPICON_NAME = AppIcon;
				ASSETCATALOG_COMPILER_GLOBAL_ACCENT_COLOR_NAME = AccentColor;
				CODE_SIGN_STYLE = Automatic;
				DEVELOPMENT_TEAM = K9DDNWAUNR;
				INFOPLIST_FILE = Accountant/Info.plist;
				LD_RUNPATH_SEARCH_PATHS = (
					"$(inherited)",
					"@executable_path/Frameworks",
				);
				PRODUCT_BUNDLE_IDENTIFIER = RT.Accountant;
				PRODUCT_NAME = "$(TARGET_NAME)";
				SWIFT_VERSION = 5.0;
				TARGETED_DEVICE_FAMILY = "1,2";
			};
			name = Release;
		};
		2B949BDC2665B4090033383A /* Debug */ = {
			isa = XCBuildConfiguration;
			buildSettings = {
				ALWAYS_EMBED_SWIFT_STANDARD_LIBRARIES = YES;
				BUNDLE_LOADER = "$(TEST_HOST)";
				CODE_SIGN_STYLE = Automatic;
				DEVELOPMENT_TEAM = K9DDNWAUNR;
				INFOPLIST_FILE = AccountantTests/Info.plist;
				IPHONEOS_DEPLOYMENT_TARGET = 14.4;
				LD_RUNPATH_SEARCH_PATHS = (
					"$(inherited)",
					"@executable_path/Frameworks",
					"@loader_path/Frameworks",
				);
				PRODUCT_BUNDLE_IDENTIFIER = RT.AccountantTests;
				PRODUCT_NAME = "$(TARGET_NAME)";
				SWIFT_VERSION = 5.0;
				TARGETED_DEVICE_FAMILY = "1,2";
				TEST_HOST = "$(BUILT_PRODUCTS_DIR)/Accountant.app/Accountant";
			};
			name = Debug;
		};
		2B949BDD2665B4090033383A /* Release */ = {
			isa = XCBuildConfiguration;
			buildSettings = {
				ALWAYS_EMBED_SWIFT_STANDARD_LIBRARIES = YES;
				BUNDLE_LOADER = "$(TEST_HOST)";
				CODE_SIGN_STYLE = Automatic;
				DEVELOPMENT_TEAM = K9DDNWAUNR;
				INFOPLIST_FILE = AccountantTests/Info.plist;
				IPHONEOS_DEPLOYMENT_TARGET = 14.4;
				LD_RUNPATH_SEARCH_PATHS = (
					"$(inherited)",
					"@executable_path/Frameworks",
					"@loader_path/Frameworks",
				);
				PRODUCT_BUNDLE_IDENTIFIER = RT.AccountantTests;
				PRODUCT_NAME = "$(TARGET_NAME)";
				SWIFT_VERSION = 5.0;
				TARGETED_DEVICE_FAMILY = "1,2";
				TEST_HOST = "$(BUILT_PRODUCTS_DIR)/Accountant.app/Accountant";
			};
			name = Release;
		};
		2B949BDF2665B4090033383A /* Debug */ = {
			isa = XCBuildConfiguration;
			buildSettings = {
				ALWAYS_EMBED_SWIFT_STANDARD_LIBRARIES = YES;
				CODE_SIGN_STYLE = Automatic;
				DEVELOPMENT_TEAM = K9DDNWAUNR;
				INFOPLIST_FILE = AccountantUITests/Info.plist;
				LD_RUNPATH_SEARCH_PATHS = (
					"$(inherited)",
					"@executable_path/Frameworks",
					"@loader_path/Frameworks",
				);
				PRODUCT_BUNDLE_IDENTIFIER = RT.AccountantUITests;
				PRODUCT_NAME = "$(TARGET_NAME)";
				SWIFT_VERSION = 5.0;
				TARGETED_DEVICE_FAMILY = "1,2";
				TEST_TARGET_NAME = Accountant;
			};
			name = Debug;
		};
		2B949BE02665B4090033383A /* Release */ = {
			isa = XCBuildConfiguration;
			buildSettings = {
				ALWAYS_EMBED_SWIFT_STANDARD_LIBRARIES = YES;
				CODE_SIGN_STYLE = Automatic;
				DEVELOPMENT_TEAM = K9DDNWAUNR;
				INFOPLIST_FILE = AccountantUITests/Info.plist;
				LD_RUNPATH_SEARCH_PATHS = (
					"$(inherited)",
					"@executable_path/Frameworks",
					"@loader_path/Frameworks",
				);
				PRODUCT_BUNDLE_IDENTIFIER = RT.AccountantUITests;
				PRODUCT_NAME = "$(TARGET_NAME)";
				SWIFT_VERSION = 5.0;
				TARGETED_DEVICE_FAMILY = "1,2";
				TEST_TARGET_NAME = Accountant;
			};
			name = Release;
		};
/* End XCBuildConfiguration section */

/* Begin XCConfigurationList section */
		2B949BA62665B4040033383A /* Build configuration list for PBXProject "Accountant" */ = {
			isa = XCConfigurationList;
			buildConfigurations = (
				2B949BD62665B4090033383A /* Debug */,
				2B949BD72665B4090033383A /* Release */,
			);
			defaultConfigurationIsVisible = 0;
			defaultConfigurationName = Release;
		};
		2B949BD82665B4090033383A /* Build configuration list for PBXNativeTarget "Accountant" */ = {
			isa = XCConfigurationList;
			buildConfigurations = (
				2B949BD92665B4090033383A /* Debug */,
				2B949BDA2665B4090033383A /* Release */,
			);
			defaultConfigurationIsVisible = 0;
			defaultConfigurationName = Release;
		};
		2B949BDB2665B4090033383A /* Build configuration list for PBXNativeTarget "AccountantTests" */ = {
			isa = XCConfigurationList;
			buildConfigurations = (
				2B949BDC2665B4090033383A /* Debug */,
				2B949BDD2665B4090033383A /* Release */,
			);
			defaultConfigurationIsVisible = 0;
			defaultConfigurationName = Release;
		};
		2B949BDE2665B4090033383A /* Build configuration list for PBXNativeTarget "AccountantUITests" */ = {
			isa = XCConfigurationList;
			buildConfigurations = (
				2B949BDF2665B4090033383A /* Debug */,
				2B949BE02665B4090033383A /* Release */,
			);
			defaultConfigurationIsVisible = 0;
			defaultConfigurationName = Release;
		};
/* End XCConfigurationList section */

/* Begin XCVersionGroup section */
		2B949BB72665B4040033383A /* Accountant.xcdatamodeld */ = {
			isa = XCVersionGroup;
			children = (
				2B949BB82665B4040033383A /* Accountant.xcdatamodel */,
			);
			currentVersion = 2B949BB82665B4040033383A /* Accountant.xcdatamodel */;
			path = Accountant.xcdatamodeld;
			sourceTree = "<group>";
			versionGroupType = wrapper.xcdatamodel;
		};
/* End XCVersionGroup section */
	};
	rootObject = 2B949BA32665B4040033383A /* Project object */;
}
