PODS:
  - Alamofire (5.4.4)
  - Charts (4.1.0):
    - Charts/Core (= 4.1.0)
  - Charts/Core (4.1.0):
    - SwiftAlgorithms (~> 1.0)
  - Purchases (3.14.3):
    - PurchasesCoreSwift (= 3.14.3)
  - PurchasesCoreSwift (3.14.3)
  - SwiftAlgorithms (1.0.0)
  - SwiftLint (0.47.0)

DEPENDENCIES:
  - Alamofire (= 5.4.4)
  - Charts (= 4.1.0)
  - Purchases (= 3.14.3)
  - SwiftLint

SPEC REPOS:
  trunk:
    - Alamofire
    - Charts
    - Purchases
    - PurchasesCoreSwift
    - SwiftAlgorithms
    - SwiftLint

SPEC CHECKSUMS:
  Alamofire: f3b09a368f1582ab751b3fff5460276e0d2cf5c9
  Charts: 354f86803d11d9c35de280587fef50d1af063978
  Purchases: ba5a570357564da5d5447281190b5ac5ab9b8f3e
  PurchasesCoreSwift: 78a2001158d7fed44f9796ea50b89152ba727520
  SwiftAlgorithms: 38dda4731d19027fdeee1125f973111bf3386b53
  SwiftLint: d41cc46a2ae58ac6d9f26954bc89f1d72e71fdef

PODFILE CHECKSUM: 196356d5257804c8a457e8b5aeede640f32d5e6f

COCOAPODS: 1.12.1
