PODS:
  - Alamofire (5.4.4)
  - Charts (4.1.0):
    - Charts/Core (= 4.1.0)
  - Charts/Core (4.1.0):
    - SwiftAlgorithms (~> 1.0)
  - SwiftAlgorithms (1.0.0)
  - SwiftLint (0.47.0)

DEPENDENCIES:
  - Alamofire (= 5.4.4)
  - Charts (= 4.1.0)
  - SwiftLint

SPEC REPOS:
  trunk:
    - Alamofire
    - Charts
    - SwiftAlgorithms
    - SwiftLint

SPEC CHECKSUMS:
  Alamofire: f3b09a368f1582ab751b3fff5460276e0d2cf5c9
  Charts: 354f86803d11d9c35de280587fef50d1af063978
  SwiftAlgorithms: 38dda4731d19027fdeee1125f973111bf3386b53
  SwiftLint: d41cc46a2ae58ac6d9f26954bc89f1d72e71fdef

PODFILE CHECKSUM: fba2e2f48e22bcdc6694ac7e9d8ce0853db19851

COCOAPODS: 1.11.3
