PODS:
  - Alamofire (5.4.4)
  - Charts (3.4.0):
    - Charts/Core (= 3.4.0)
  - Charts/Core (3.4.0)
  - Purchases (3.10.1):
    - PurchasesCoreSwift (= 3.10.1)
  - PurchasesCoreSwift (3.10.1)

DEPENDENCIES:
  - Alamofire (= 5.4.4)
  - Charts (= 3.4.0)
  - Purchases (= 3.10.1)

SPEC REPOS:
  trunk:
    - Alamofire
    - Charts
    - Purchases
    - PurchasesCoreSwift

SPEC CHECKSUMS:
  Alamofire: f3b09a368f1582ab751b3fff5460276e0d2cf5c9
  Charts: 74c9f256eaf0460c0c416522d1cf8c634ea6b286
  Purchases: 066a754602d2ea5ad4f2b6357560b040c8b15d86
  PurchasesCoreSwift: 895deec08743781bfc2e0e22345c994ed83bb7ab

PODFILE CHECKSUM: cd7996c5fa8de5974106ecb014c917a88b66b1a3

COCOAPODS: 1.11.2
